
Microsoft Visual Studio Solution File, Format Version 12.00
# Visual Studio Version 16
VisualStudioVersion = 16.0.32228.343
MinimumVisualStudioVersion = 10.0.40219.1
Project("{FAE04EC0-301F-11D3-BF4B-00C04F79EFBC}") = "CrudApp", "CrudApp.csproj", "{B7EE565C-D90E-469B-8883-B8ED66535FD3}"
EndProject
Global
	GlobalSection(SolutionConfigurationPlatforms) = preSolution
		Debug|Any CPU = Debug|Any CPU
		Release|Any CPU = Release|Any CPU
	EndGlobalSection
	GlobalSection(ProjectConfigurationPlatforms) = postSolution
		{B7EE565C-D90E-469B-8883-B8ED66535FD3}.Debug|Any CPU.ActiveCfg = Debug|Any CPU
		{B7EE565C-D90E-469B-8883-B8ED66535FD3}.Debug|Any CPU.Build.0 = Debug|Any CPU
		{B7EE565C-D90E-469B-8883-B8ED66535FD3}.Release|Any CPU.ActiveCfg = Release|Any CPU
		{B7EE565C-D90E-469B-8883-B8ED66535FD3}.Release|Any CPU.Build.0 = Release|Any CPU
	EndGlobalSection
	GlobalSection(SolutionProperties) = preSolution
		HideSolutionNode = FALSE
	EndGlobalSection
	GlobalSection(ExtensibilityGlobals) = postSolution
		SolutionGuid = {0CA85974-44DC-4EC4-B506-5A2F51202EEF}
	EndGlobalSection
EndGlobal
